
Microsoft Visual Studio Solution File, Format Version 12.00
# Visual Studio Version 16
VisualStudioVersion = 16.0.28803.352
MinimumVisualStudioVersion = 10.0.40219.1
Project("{FAE04EC0-301F-11D3-BF4B-00C04F79EFBC}") = "DiskScanner", "DiskScanner\DiskScanner.csproj", "{B66E8791-2135-436C-85CE-C5E6009F6A7C}"
EndProject
Global
	GlobalSection(SolutionConfigurationPlatforms) = preSolution
		Debug|Any CPU = Debug|Any CPU
		Release|Any CPU = Release|Any CPU
	EndGlobalSection
	GlobalSection(ProjectConfigurationPlatforms) = postSolution
		{B66E8791-2135-436C-85CE-C5E6009F6A7C}.Debug|Any CPU.ActiveCfg = Debug|Any CPU
		{B66E8791-2135-436C-85CE-C5E6009F6A7C}.Debug|Any CPU.Build.0 = Debug|Any CPU
		{B66E8791-2135-436C-85CE-C5E6009F6A7C}.Release|Any CPU.ActiveCfg = Release|Any CPU
		{B66E8791-2135-436C-85CE-C5E6009F6A7C}.Release|Any CPU.Build.0 = Release|Any CPU
	EndGlobalSection
	GlobalSection(SolutionProperties) = preSolution
		HideSolutionNode = FALSE
	EndGlobalSection
	GlobalSection(ExtensibilityGlobals) = postSolution
		SolutionGuid = {69F9DEB2-7BC3-49E3-A2A9-C6193706D1E1}
	EndGlobalSection
EndGlobal
